{
  "meteor": {},
  "dependencies": {
    "basePackages": {
      "parsleyjs": {}
    },
    "packages": {
      "parsleyjs": {
        "git": "https://github.com/nate-strauser/meteor-parsleyjs.git",
        "tag": "v1.1.7",
        "commit": "035a1e56a78e50369686b7e281aa71e3daf3729a"
      }
    }
  }
}
